
Microsoft Visual Studio Solution File, Format Version 12.00
# Visual Studio Version 17
VisualStudioVersion = 17.4.33205.214
MinimumVisualStudioVersion = 10.0.40219.1
Project("{FAE04EC0-301F-11D3-BF4B-00C04F79EFBC}") = "Pokedex.Api", "src\Pokedex.Api\Pokedex.Api.csproj", "{0F0E4683-0708-45AE-BC0E-E59E07864D59}"
EndProject
Project("{FAE04EC0-301F-11D3-BF4B-00C04F79EFBC}") = "Pokedex.Business", "src\Pokedex.Business\Pokedex.Business.csproj", "{C64BAB28-2B65-4C6F-8972-47F2B21376BC}"
EndProject
Project("{FAE04EC0-301F-11D3-BF4B-00C04F79EFBC}") = "Pokedex.Infra", "src\Pokedex.Infra\Pokedex.Infra.csproj", "{56027964-CD99-460E-972B-5671A99B8C79}"
EndProject
Global
	GlobalSection(SolutionConfigurationPlatforms) = preSolution
		Debug|Any CPU = Debug|Any CPU
		Release|Any CPU = Release|Any CPU
	EndGlobalSection
	GlobalSection(ProjectConfigurationPlatforms) = postSolution
		{0F0E4683-0708-45AE-BC0E-E59E07864D59}.Debug|Any CPU.ActiveCfg = Debug|Any CPU
		{0F0E4683-0708-45AE-BC0E-E59E07864D59}.Debug|Any CPU.Build.0 = Debug|Any CPU
		{0F0E4683-0708-45AE-BC0E-E59E07864D59}.Release|Any CPU.ActiveCfg = Release|Any CPU
		{0F0E4683-0708-45AE-BC0E-E59E07864D59}.Release|Any CPU.Build.0 = Release|Any CPU
		{C64BAB28-2B65-4C6F-8972-47F2B21376BC}.Debug|Any CPU.ActiveCfg = Debug|Any CPU
		{C64BAB28-2B65-4C6F-8972-47F2B21376BC}.Debug|Any CPU.Build.0 = Debug|Any CPU
		{C64BAB28-2B65-4C6F-8972-47F2B21376BC}.Release|Any CPU.ActiveCfg = Release|Any CPU
		{C64BAB28-2B65-4C6F-8972-47F2B21376BC}.Release|Any CPU.Build.0 = Release|Any CPU
		{56027964-CD99-460E-972B-5671A99B8C79}.Debug|Any CPU.ActiveCfg = Debug|Any CPU
		{56027964-CD99-460E-972B-5671A99B8C79}.Debug|Any CPU.Build.0 = Debug|Any CPU
		{56027964-CD99-460E-972B-5671A99B8C79}.Release|Any CPU.ActiveCfg = Release|Any CPU
		{56027964-CD99-460E-972B-5671A99B8C79}.Release|Any CPU.Build.0 = Release|Any CPU
	EndGlobalSection
	GlobalSection(SolutionProperties) = preSolution
		HideSolutionNode = FALSE
	EndGlobalSection
	GlobalSection(ExtensibilityGlobals) = postSolution
		SolutionGuid = {7A4C8186-BC68-4D1A-961B-B6B0B8A307DF}
	EndGlobalSection
EndGlobal
